
Microsoft Visual Studio Solution File, Format Version 12.00
# Visual Studio Version 17
VisualStudioVersion = 17.9.34728.123
MinimumVisualStudioVersion = 10.0.40219.1
Project("{9A19103F-16F7-4668-BE54-9A1E7A4F7556}") = "UserSecretEnvironments.Tests", "UserSecretEnvironments.Tests\UserSecretEnvironments.Tests.csproj", "{7BD07A8D-2AF3-4125-92E4-745D10D9EE81}"
EndProject
Project("{9A19103F-16F7-4668-BE54-9A1E7A4F7556}") = "UserSecretEnvironments.Core", "UserSecretEnvironments.Core\UserSecretEnvironments.Core.csproj", "{44A364F0-4225-45FD-BE12-DFC552C6A930}"
EndProject
Project("{9A19103F-16F7-4668-BE54-9A1E7A4F7556}") = "UserSecretEnvironments.Cli", "UserSecretEnvironments.Cli\UserSecretEnvironments.Cli.csproj", "{883789C9-A330-4183-98B1-232831DF79BA}"
EndProject
Global
	GlobalSection(SolutionConfigurationPlatforms) = preSolution
		Debug|Any CPU = Debug|Any CPU
		Release|Any CPU = Release|Any CPU
	EndGlobalSection
	GlobalSection(ProjectConfigurationPlatforms) = postSolution
		{7BD07A8D-2AF3-4125-92E4-745D10D9EE81}.Debug|Any CPU.ActiveCfg = Debug|Any CPU
		{7BD07A8D-2AF3-4125-92E4-745D10D9EE81}.Debug|Any CPU.Build.0 = Debug|Any CPU
		{7BD07A8D-2AF3-4125-92E4-745D10D9EE81}.Release|Any CPU.ActiveCfg = Release|Any CPU
		{7BD07A8D-2AF3-4125-92E4-745D10D9EE81}.Release|Any CPU.Build.0 = Release|Any CPU
		{44A364F0-4225-45FD-BE12-DFC552C6A930}.Debug|Any CPU.ActiveCfg = Debug|Any CPU
		{44A364F0-4225-45FD-BE12-DFC552C6A930}.Debug|Any CPU.Build.0 = Debug|Any CPU
		{44A364F0-4225-45FD-BE12-DFC552C6A930}.Release|Any CPU.ActiveCfg = Release|Any CPU
		{44A364F0-4225-45FD-BE12-DFC552C6A930}.Release|Any CPU.Build.0 = Release|Any CPU
		{883789C9-A330-4183-98B1-232831DF79BA}.Debug|Any CPU.ActiveCfg = Debug|Any CPU
		{883789C9-A330-4183-98B1-232831DF79BA}.Debug|Any CPU.Build.0 = Debug|Any CPU
		{883789C9-A330-4183-98B1-232831DF79BA}.Release|Any CPU.ActiveCfg = Release|Any CPU
		{883789C9-A330-4183-98B1-232831DF79BA}.Release|Any CPU.Build.0 = Release|Any CPU
	EndGlobalSection
	GlobalSection(SolutionProperties) = preSolution
		HideSolutionNode = FALSE
	EndGlobalSection
	GlobalSection(ExtensibilityGlobals) = postSolution
		SolutionGuid = {7E38E425-3EDA-4827-9897-0DD0E16BB3E2}
	EndGlobalSection
EndGlobal
